
Microsoft Visual Studio Solution File, Format Version 12.00
# Visual Studio Version 17
VisualStudioVersion = 17.7.34031.279
MinimumVisualStudioVersion = 10.0.40219.1
Project("{FAE04EC0-301F-11D3-BF4B-00C04F79EFBC}") = "CodeSmellsAndRefactoring", "CodeSmellsAndRefactoring.csproj", "{ADAF3FA3-9397-438D-A888-507CC6BD3C22}"
EndProject
Project("{FAE04EC0-301F-11D3-BF4B-00C04F79EFBC}") = "CodeSmellsAndRefactoring.Tests", "..\CodeSmellsAndRefactoring.Tests\CodeSmellsAndRefactoring.Tests.csproj", "{7FF57255-3D7B-4888-B037-F6CD8F9362D8}"
EndProject
Global
	GlobalSection(SolutionConfigurationPlatforms) = preSolution
		Debug|Any CPU = Debug|Any CPU
		Release|Any CPU = Release|Any CPU
	EndGlobalSection
	GlobalSection(ProjectConfigurationPlatforms) = postSolution
		{ADAF3FA3-9397-438D-A888-507CC6BD3C22}.Debug|Any CPU.ActiveCfg = Debug|Any CPU
		{ADAF3FA3-9397-438D-A888-507CC6BD3C22}.Debug|Any CPU.Build.0 = Debug|Any CPU
		{ADAF3FA3-9397-438D-A888-507CC6BD3C22}.Release|Any CPU.ActiveCfg = Release|Any CPU
		{ADAF3FA3-9397-438D-A888-507CC6BD3C22}.Release|Any CPU.Build.0 = Release|Any CPU
		{7FF57255-3D7B-4888-B037-F6CD8F9362D8}.Debug|Any CPU.ActiveCfg = Debug|Any CPU
		{7FF57255-3D7B-4888-B037-F6CD8F9362D8}.Debug|Any CPU.Build.0 = Debug|Any CPU
		{7FF57255-3D7B-4888-B037-F6CD8F9362D8}.Release|Any CPU.ActiveCfg = Release|Any CPU
		{7FF57255-3D7B-4888-B037-F6CD8F9362D8}.Release|Any CPU.Build.0 = Release|Any CPU
	EndGlobalSection
	GlobalSection(SolutionProperties) = preSolution
		HideSolutionNode = FALSE
	EndGlobalSection
	GlobalSection(ExtensibilityGlobals) = postSolution
		SolutionGuid = {6325EC5A-6737-40AA-965C-0D2F82CD4460}
	EndGlobalSection
EndGlobal
